
Microsoft Visual Studio Solution File, Format Version 12.00
# Visual Studio Version 17
VisualStudioVersion = 17.3.32819.101
MinimumVisualStudioVersion = 10.0.40219.1
Project("{9A19103F-16F7-4668-BE54-9A1E7A4F7556}") = "UniversityApiBackend", "UniversityApiBackend\UniversityApiBackend.csproj", "{740AEDC2-A850-46DE-8453-849CD6648768}"
EndProject
Global
	GlobalSection(SolutionConfigurationPlatforms) = preSolution
		Debug|Any CPU = Debug|Any CPU
		Release|Any CPU = Release|Any CPU
	EndGlobalSection
	GlobalSection(ProjectConfigurationPlatforms) = postSolution
		{740AEDC2-A850-46DE-8453-849CD6648768}.Debug|Any CPU.ActiveCfg = Debug|Any CPU
		{740AEDC2-A850-46DE-8453-849CD6648768}.Debug|Any CPU.Build.0 = Debug|Any CPU
		{740AEDC2-A850-46DE-8453-849CD6648768}.Release|Any CPU.ActiveCfg = Release|Any CPU
		{740AEDC2-A850-46DE-8453-849CD6648768}.Release|Any CPU.Build.0 = Release|Any CPU
	EndGlobalSection
	GlobalSection(SolutionProperties) = preSolution
		HideSolutionNode = FALSE
	EndGlobalSection
	GlobalSection(ExtensibilityGlobals) = postSolution
		SolutionGuid = {BA8A4202-31AC-405D-A4BD-9F6F12B285E6}
	EndGlobalSection
EndGlobal
